{
  "originHash" : "29d2ba82cb9ea8abe818b6dfed0e11ef4cb64640af9ff3dda43e1f4dbff2c569",
  "pins" : [
    {
      "identity" : "swift-asn1",
      "kind" : "remoteSourceControl",
      "location" : "https://github.com/apple/swift-asn1.git",
      "state" : {
        "revision" : "9f542610331815e29cc3821d3b6f488db8715517",
        "version" : "1.6.0"
      }
    }
  ],
  "version" : 3
}
